
Microsoft Visual Studio Solution File, Format Version 12.00
# Visual Studio Version 17
VisualStudioVersion = 17.14.35821.62
MinimumVisualStudioVersion = 10.0.40219.1
Project("{FAE04EC0-301F-11D3-BF4B-00C04F79EFBC}") = "BasicInvoke", "BasicInvoke\BasicInvoke.csproj", "{2E46E22A-1F53-47A9-B0DE-3436D60970DA}"
EndProject
Project("{FAE04EC0-301F-11D3-BF4B-00C04F79EFBC}") = "BasicInvokeWithServiceId", "BasicInvokeWithServiceId\BasicInvokeWithServiceId.csproj", "{D5395D2E-DE78-425E-B59B-C074CE7CA9F7}"
EndProject
Project("{FAE04EC0-301F-11D3-BF4B-00C04F79EFBC}") = "BasicChat", "BasicChat\BasicChat.csproj", "{30D0652E-A1E4-4D98-A312-632316A64507}"
EndProject
Project("{FAE04EC0-301F-11D3-BF4B-00C04F79EFBC}") = "BasicKernelMemory", "BasicKernelMemory\BasicKernelMemory.csproj", "{9468E01F-DCA9-4EC0-8871-B5E7A6FD81F4}"
EndProject
Project("{2150E333-8FDC-42A3-9474-1A3956D46DE8}") = "KernelMemory", "KernelMemory", "{02EA681E-C7D8-13C7-8484-4AC65E1B71E8}"
EndProject
Global
	GlobalSection(SolutionConfigurationPlatforms) = preSolution
		Debug|Any CPU = Debug|Any CPU
		Release|Any CPU = Release|Any CPU
	EndGlobalSection
	GlobalSection(ProjectConfigurationPlatforms) = postSolution
		{2E46E22A-1F53-47A9-B0DE-3436D60970DA}.Debug|Any CPU.ActiveCfg = Debug|Any CPU
		{2E46E22A-1F53-47A9-B0DE-3436D60970DA}.Debug|Any CPU.Build.0 = Debug|Any CPU
		{2E46E22A-1F53-47A9-B0DE-3436D60970DA}.Release|Any CPU.ActiveCfg = Release|Any CPU
		{2E46E22A-1F53-47A9-B0DE-3436D60970DA}.Release|Any CPU.Build.0 = Release|Any CPU
		{D5395D2E-DE78-425E-B59B-C074CE7CA9F7}.Debug|Any CPU.ActiveCfg = Debug|Any CPU
		{D5395D2E-DE78-425E-B59B-C074CE7CA9F7}.Debug|Any CPU.Build.0 = Debug|Any CPU
		{D5395D2E-DE78-425E-B59B-C074CE7CA9F7}.Release|Any CPU.ActiveCfg = Release|Any CPU
		{D5395D2E-DE78-425E-B59B-C074CE7CA9F7}.Release|Any CPU.Build.0 = Release|Any CPU
		{30D0652E-A1E4-4D98-A312-632316A64507}.Debug|Any CPU.ActiveCfg = Debug|Any CPU
		{30D0652E-A1E4-4D98-A312-632316A64507}.Debug|Any CPU.Build.0 = Debug|Any CPU
		{30D0652E-A1E4-4D98-A312-632316A64507}.Release|Any CPU.ActiveCfg = Release|Any CPU
		{30D0652E-A1E4-4D98-A312-632316A64507}.Release|Any CPU.Build.0 = Release|Any CPU
		{9468E01F-DCA9-4EC0-8871-B5E7A6FD81F4}.Debug|Any CPU.ActiveCfg = Debug|Any CPU
		{9468E01F-DCA9-4EC0-8871-B5E7A6FD81F4}.Debug|Any CPU.Build.0 = Debug|Any CPU
		{9468E01F-DCA9-4EC0-8871-B5E7A6FD81F4}.Release|Any CPU.ActiveCfg = Release|Any CPU
		{9468E01F-DCA9-4EC0-8871-B5E7A6FD81F4}.Release|Any CPU.Build.0 = Release|Any CPU
	EndGlobalSection
	GlobalSection(SolutionProperties) = preSolution
		HideSolutionNode = FALSE
	EndGlobalSection
	GlobalSection(NestedProjects) = preSolution
		{9468E01F-DCA9-4EC0-8871-B5E7A6FD81F4} = {02EA681E-C7D8-13C7-8484-4AC65E1B71E8}
	EndGlobalSection
	GlobalSection(ExtensibilityGlobals) = postSolution
		SolutionGuid = {9886B515-0BE5-4796-9E9C-7F44EBCD4FDE}
	EndGlobalSection
EndGlobal
