Microsoft Visual Studio Solution File, Format Version 12.00
# Visual Studio Version 17
VisualStudioVersion = 17.14.35821.62
MinimumVisualStudioVersion = 10.0.40219.1
Project("{FAE04EC0-301F-11D3-BF4B-00C04F79EFBC}") = "ConsoleApp", "ConsoleApp\ConsoleApp.csproj", "{FD3715AF-2BD3-43C4-86EF-0416C42C77A8}"
EndProject
Project("{FAE04EC0-301F-11D3-BF4B-00C04F79EFBC}") = "WebApp", "WebApp\WebApp.csproj", "{0308F601-CCE5-49E9-832B-464495E0F7AD}"
EndProject
Global
	GlobalSection(SolutionConfigurationPlatforms) = preSolution
		Debug|Any CPU = Debug|Any CPU
		Release|Any CPU = Release|Any CPU
	EndGlobalSection
	GlobalSection(ProjectConfigurationPlatforms) = postSolution
		{FD3715AF-2BD3-43C4-86EF-0416C42C77A8}.Debug|Any CPU.ActiveCfg = Debug|Any CPU
		{FD3715AF-2BD3-43C4-86EF-0416C42C77A8}.Debug|Any CPU.Build.0 = Debug|Any CPU
		{FD3715AF-2BD3-43C4-86EF-0416C42C77A8}.Release|Any CPU.ActiveCfg = Release|Any CPU
		{FD3715AF-2BD3-43C4-86EF-0416C42C77A8}.Release|Any CPU.Build.0 = Release|Any CPU
		{0308F601-CCE5-49E9-832B-464495E0F7AD}.Debug|Any CPU.ActiveCfg = Debug|Any CPU
		{0308F601-CCE5-49E9-832B-464495E0F7AD}.Debug|Any CPU.Build.0 = Debug|Any CPU
		{0308F601-CCE5-49E9-832B-464495E0F7AD}.Release|Any CPU.ActiveCfg = Release|Any CPU
		{0308F601-CCE5-49E9-832B-464495E0F7AD}.Release|Any CPU.Build.0 = Release|Any CPU
	EndGlobalSection
	GlobalSection(SolutionProperties) = preSolution
		HideSolutionNode = FALSE
	EndGlobalSection
	GlobalSection(ExtensibilityGlobals) = postSolution
		SolutionGuid = {2A5C0C89-B8A3-4306-B1C2-02E02F49BD9F}
	EndGlobalSection
EndGlobal
