
Microsoft Visual Studio Solution File, Format Version 12.00
# Visual Studio Version 17
VisualStudioVersion = 17.14.36327.8 d17.14
MinimumVisualStudioVersion = 10.0.40219.1
Project("{FAE04EC0-301F-11D3-BF4B-00C04F79EFBC}") = "EnumToStringGeneratorApp", "EnumToStringGeneratorApp\EnumToStringGeneratorApp.csproj", "{FD81D517-0FE0-42AB-9ABE-79EEF1A71F2F}"
EndProject
Project("{FAE04EC0-301F-11D3-BF4B-00C04F79EFBC}") = "EnumToStringGenerator", "EnumToStringGenerator\EnumToStringGenerator.csproj", "{6678BF84-1183-4D77-8AB2-5C85E40AFDDC}"
EndProject
Global
	GlobalSection(SolutionConfigurationPlatforms) = preSolution
		Debug|Any CPU = Debug|Any CPU
		Release|Any CPU = Release|Any CPU
	EndGlobalSection
	GlobalSection(ProjectConfigurationPlatforms) = postSolution
		{FD81D517-0FE0-42AB-9ABE-79EEF1A71F2F}.Debug|Any CPU.ActiveCfg = Debug|Any CPU
		{FD81D517-0FE0-42AB-9ABE-79EEF1A71F2F}.Debug|Any CPU.Build.0 = Debug|Any CPU
		{FD81D517-0FE0-42AB-9ABE-79EEF1A71F2F}.Release|Any CPU.ActiveCfg = Release|Any CPU
		{FD81D517-0FE0-42AB-9ABE-79EEF1A71F2F}.Release|Any CPU.Build.0 = Release|Any CPU
		{6678BF84-1183-4D77-8AB2-5C85E40AFDDC}.Debug|Any CPU.ActiveCfg = Debug|Any CPU
		{6678BF84-1183-4D77-8AB2-5C85E40AFDDC}.Debug|Any CPU.Build.0 = Debug|Any CPU
		{6678BF84-1183-4D77-8AB2-5C85E40AFDDC}.Release|Any CPU.ActiveCfg = Release|Any CPU
		{6678BF84-1183-4D77-8AB2-5C85E40AFDDC}.Release|Any CPU.Build.0 = Release|Any CPU
	EndGlobalSection
	GlobalSection(SolutionProperties) = preSolution
		HideSolutionNode = FALSE
	EndGlobalSection
	GlobalSection(ExtensibilityGlobals) = postSolution
		SolutionGuid = {F9B37385-1291-46EB-B58A-797D067D7A99}
	EndGlobalSection
EndGlobal
